{
  "name": "@erkkah/nomnomd",
  "version": "0.8.0",
  "lockfileVersion": 2,
  "requires": true,
  "packages": {
    "": {
      "name": "@erkkah/nomnomd",
      "version": "0.8.0",
      "license": "MIT",
      "dependencies": {
        "@kaishuu0123/markdown-it-fence": "^1.0.1",
        "arg": "^5.0.1",
        "highlight.js": "^11.2.0",
        "markdown-it": "^12.2.0",
        "markdown-it-emoji": "^2.0.0",
        "markdown-it-front-matter": "^0.2.3",
        "mime": "^2.5.2",
        "nomnoml": "^1.4.0",
        "pupa": "^2.1.1",
        "source-map-support": "^0.5.19"
      },
      "bin": {
        "nomnomd": "bin/nomnomd"
      },
      "devDependencies": {
        "@types/markdown-it": "^12.2.0",
        "@types/markdown-it-emoji": "^2.0.2",
        "@types/mime": "^2.0.3",
        "@types/node": "^16.6.1",
        "ts-node": "^10.2.1",
        "typescript": "^4.3.5"
      }
    },
    "node_modules/@cspotcode/source-map-consumer": {
      "version": "0.8.0",
      "resolved": "https://registry.npmjs.org/@cspotcode/source-map-consumer/-/source-map-consumer-0.8.0.tgz",
      "integrity": "sha512-41qniHzTU8yAGbCp04ohlmSrZf8bkf/iJsl3V0dRGsQN/5GFfx+LbCSsCpp2gqrqjTVg/K6O8ycoV35JIwAzAg==",
      "dev": true,
      "engines": {
        "node": ">= 12"
      }
    },
    "node_modules/@cspotcode/source-map-support": {
      "version": "0.6.1",
      "resolved": "https://registry.npmjs.org/@cspotcode/source-map-support/-/source-map-support-0.6.1.tgz",
      "integrity": "sha512-DX3Z+T5dt1ockmPdobJS/FAsQPW4V4SrWEhD2iYQT2Cb2tQsiMnYxrcUH9By/Z3B+v0S5LMBkQtV/XOBbpLEOg==",
      "dev": true,
      "dependencies": {
        "@cspotcode/source-map-consumer": "0.8.0"
      },
      "engines": {
        "node": ">=12"
      }
    },
    "node_modules/@kaishuu0123/markdown-it-fence": {
      "version": "1.0.1",
      "resolved": "https://registry.npmjs.org/@kaishuu0123/markdown-it-fence/-/markdown-it-fence-1.0.1.tgz",
      "integrity": "sha512-gQZ0a3JcrCi1g+00D9CIbo2uPc6lnykqAsVaCbew8jsrdyF0f0cBngYgFKcTxW2vliT5I3K4lwD4DhM6hXeOjg=="
    },
    "node_modules/@tsconfig/node10": {
      "version": "1.0.8",
      "resolved": "https://registry.npmjs.org/@tsconfig/node10/-/node10-1.0.8.tgz",
      "integrity": "sha512-6XFfSQmMgq0CFLY1MslA/CPUfhIL919M1rMsa5lP2P097N2Wd1sSX0tx1u4olM16fLNhtHZpRhedZJphNJqmZg==",
      "dev": true
    },
    "node_modules/@tsconfig/node12": {
      "version": "1.0.9",
      "resolved": "https://registry.npmjs.org/@tsconfig/node12/-/node12-1.0.9.tgz",
      "integrity": "sha512-/yBMcem+fbvhSREH+s14YJi18sp7J9jpuhYByADT2rypfajMZZN4WQ6zBGgBKp53NKmqI36wFYDb3yaMPurITw==",
      "dev": true
    },
    "node_modules/@tsconfig/node14": {
      "version": "1.0.1",
      "resolved": "https://registry.npmjs.org/@tsconfig/node14/-/node14-1.0.1.tgz",
      "integrity": "sha512-509r2+yARFfHHE7T6Puu2jjkoycftovhXRqW328PDXTVGKihlb1P8Z9mMZH04ebyajfRY7dedfGynlrFHJUQCg==",
      "dev": true
    },
    "node_modules/@tsconfig/node16": {
      "version": "1.0.2",
      "resolved": "https://registry.npmjs.org/@tsconfig/node16/-/node16-1.0.2.tgz",
      "integrity": "sha512-eZxlbI8GZscaGS7kkc/trHTT5xgrjH3/1n2JDwusC9iahPKWMRvRjJSAN5mCXviuTGQ/lHnhvv8Q1YTpnfz9gA==",
      "dev": true
    },
    "node_modules/@types/linkify-it": {
      "version": "3.0.2",
      "resolved": "https://registry.npmjs.org/@types/linkify-it/-/linkify-it-3.0.2.tgz",
      "integrity": "sha512-HZQYqbiFVWufzCwexrvh694SOim8z2d+xJl5UNamcvQFejLY/2YUtzXHYi3cHdI7PMlS8ejH2slRAOJQ32aNbA==",
      "dev": true
    },
    "node_modules/@types/markdown-it": {
      "version": "12.2.0",
      "resolved": "https://registry.npmjs.org/@types/markdown-it/-/markdown-it-12.2.0.tgz",
      "integrity": "sha512-YEpywby5S2wt64C2E3bcpLvtIV8BuCj+4AGtL7tU51V8Vr1qwm+cX9gFfWRyclgLC0UK/7w2heYmhymDi+snzw==",
      "dev": true,
      "dependencies": {
        "@types/linkify-it": "*",
        "@types/mdurl": "*",
        "highlight.js": "^10.7.2"
      }
    },
    "node_modules/@types/markdown-it-emoji": {
      "version": "2.0.2",
      "resolved": "https://registry.npmjs.org/@types/markdown-it-emoji/-/markdown-it-emoji-2.0.2.tgz",
      "integrity": "sha512-2ln8Wjbcj/0oRi/6VnuMeWEHHuK8uapFttvcLmDIe1GKCsFBLOLBX+D+xhDa9oWOQV0IpvxwrSfKKssAqqroog==",
      "dev": true,
      "dependencies": {
        "@types/markdown-it": "*"
      }
    },
    "node_modules/@types/markdown-it/node_modules/highlight.js": {
      "version": "10.7.3",
      "resolved": "https://registry.npmjs.org/highlight.js/-/highlight.js-10.7.3.tgz",
      "integrity": "sha512-tzcUFauisWKNHaRkN4Wjl/ZA07gENAjFl3J/c480dprkGTg5EQstgaNFqBfUqCq54kZRIEcreTsAgF/m2quD7A==",
      "dev": true,
      "engines": {
        "node": "*"
      }
    },
    "node_modules/@types/mdurl": {
      "version": "1.0.2",
      "resolved": "https://registry.npmjs.org/@types/mdurl/-/mdurl-1.0.2.tgz",
      "integrity": "sha512-eC4U9MlIcu2q0KQmXszyn5Akca/0jrQmwDRgpAMJai7qBWq4amIQhZyNau4VYGtCeALvW1/NtjzJJ567aZxfKA==",
      "dev": true
    },
    "node_modules/@types/mime": {
      "version": "2.0.3",
      "resolved": "https://registry.npmjs.org/@types/mime/-/mime-2.0.3.tgz",
      "integrity": "sha512-Jus9s4CDbqwocc5pOAnh8ShfrnMcPHuJYzVcSUU7lrh8Ni5HuIqX3oilL86p3dlTrk0LzHRCgA/GQ7uNCw6l2Q==",
      "dev": true
    },
    "node_modules/@types/node": {
      "version": "16.6.1",
      "resolved": "https://registry.npmjs.org/@types/node/-/node-16.6.1.tgz",
      "integrity": "sha512-Sr7BhXEAer9xyGuCN3Ek9eg9xPviCF2gfu9kTfuU2HkTVAMYSDeX40fvpmo72n5nansg3nsBjuQBrsS28r+NUw==",
      "dev": true
    },
    "node_modules/acorn": {
      "version": "8.4.1",
      "resolved": "https://registry.npmjs.org/acorn/-/acorn-8.4.1.tgz",
      "integrity": "sha512-asabaBSkEKosYKMITunzX177CXxQ4Q8BSSzMTKD+FefUhipQC70gfW5SiUDhYQ3vk8G+81HqQk7Fv9OXwwn9KA==",
      "dev": true,
      "bin": {
        "acorn": "bin/acorn"
      },
      "engines": {
        "node": ">=0.4.0"
      }
    },
    "node_modules/acorn-walk": {
      "version": "8.1.1",
      "resolved": "https://registry.npmjs.org/acorn-walk/-/acorn-walk-8.1.1.tgz",
      "integrity": "sha512-FbJdceMlPHEAWJOILDk1fXD8lnTlEIWFkqtfk+MvmL5q/qlHfN7GEHcsFZWt/Tea9jRNPWUZG4G976nqAAmU9w==",
      "dev": true,
      "engines": {
        "node": ">=0.4.0"
      }
    },
    "node_modules/arg": {
      "version": "5.0.1",
      "resolved": "https://registry.npmjs.org/arg/-/arg-5.0.1.tgz",
      "integrity": "sha512-e0hDa9H2Z9AwFkk2qDlwhoMYE4eToKarchkQHovNdLTCYMHZHeRjI71crOh+dio4K6u1IcwubQqo79Ga4CyAQA=="
    },
    "node_modules/buffer-from": {
      "version": "1.1.2",
      "resolved": "https://registry.npmjs.org/buffer-from/-/buffer-from-1.1.2.tgz",
      "integrity": "sha512-E+XQCRwSbaaiChtv6k6Dwgc+bx+Bs6vuKJHHl5kox/BaKbhiXzqQOwK4cO22yElGp2OCmjwVhT3HmxgyPGnJfQ=="
    },
    "node_modules/create-require": {
      "version": "1.1.1",
      "resolved": "https://registry.npmjs.org/create-require/-/create-require-1.1.1.tgz",
      "integrity": "sha512-dcKFX3jn0MpIaXjisoRvexIJVEKzaq7z2rZKxf+MSr9TkdmHmsU4m2lcLojrj/FHl8mk5VxMmYA+ftRkP/3oKQ==",
      "dev": true
    },
    "node_modules/diff": {
      "version": "4.0.2",
      "resolved": "https://registry.npmjs.org/diff/-/diff-4.0.2.tgz",
      "integrity": "sha512-58lmxKSA4BNyLz+HHMUzlOEpg09FV+ev6ZMe3vJihgdxzgcwZ8VoEEPmALCZG9LmqfVoNMMKpttIYTVG6uDY7A==",
      "dev": true,
      "engines": {
        "node": ">=0.3.1"
      }
    },
    "node_modules/entities": {
      "version": "2.1.0",
      "resolved": "https://registry.npmjs.org/entities/-/entities-2.1.0.tgz",
      "integrity": "sha512-hCx1oky9PFrJ611mf0ifBLBRW8lUUVRlFolb5gWRfIELabBlbp9xZvrqZLZAs+NxFnbfQoeGd8wDkygjg7U85w==",
      "funding": {
        "url": "https://github.com/fb55/entities?sponsor=1"
      }
    },
    "node_modules/escape-goat": {
      "version": "2.1.1",
      "resolved": "https://registry.npmjs.org/escape-goat/-/escape-goat-2.1.1.tgz",
      "integrity": "sha512-8/uIhbG12Csjy2JEW7D9pHbreaVaS/OpN3ycnyvElTdwM5n6GY6W6e2IPemfvGZeUMqZ9A/3GqIZMgKnBhAw/Q==",
      "engines": {
        "node": ">=8"
      }
    },
    "node_modules/graphre": {
      "version": "0.1.3",
      "resolved": "https://registry.npmjs.org/graphre/-/graphre-0.1.3.tgz",
      "integrity": "sha512-F4OO/+BQj3R2UB3PQOGLgdAUy+SQuwy2A5cVGELAQDJlloSyyHqRe60ESFouRf8W0K+sm6gtWKotOwZoX3BL8w=="
    },
    "node_modules/highlight.js": {
      "version": "11.2.0",
      "resolved": "https://registry.npmjs.org/highlight.js/-/highlight.js-11.2.0.tgz",
      "integrity": "sha512-JOySjtOEcyG8s4MLR2MNbLUyaXqUunmSnL2kdV/KuGJOmHZuAR5xC54Ko7goAXBWNhf09Vy3B+U7vR62UZ/0iw==",
      "engines": {
        "node": ">=12.0.0"
      }
    },
    "node_modules/linkify-it": {
      "version": "3.0.2",
      "resolved": "https://registry.npmjs.org/linkify-it/-/linkify-it-3.0.2.tgz",
      "integrity": "sha512-gDBO4aHNZS6coiZCKVhSNh43F9ioIL4JwRjLZPkoLIY4yZFwg264Y5lu2x6rb1Js42Gh6Yqm2f6L2AJcnkzinQ==",
      "dependencies": {
        "uc.micro": "^1.0.1"
      }
    },
    "node_modules/make-error": {
      "version": "1.3.6",
      "resolved": "https://registry.npmjs.org/make-error/-/make-error-1.3.6.tgz",
      "integrity": "sha512-s8UhlNe7vPKomQhC1qFelMokr/Sc3AgNbso3n74mVPA5LTZwkB9NlXf4XPamLxJE8h0gh73rM94xvwRT2CVInw==",
      "dev": true
    },
    "node_modules/markdown-it": {
      "version": "12.2.0",
      "resolved": "https://registry.npmjs.org/markdown-it/-/markdown-it-12.2.0.tgz",
      "integrity": "sha512-Wjws+uCrVQRqOoJvze4HCqkKl1AsSh95iFAeQDwnyfxM09divCBSXlDR1uTvyUP3Grzpn4Ru8GeCxYPM8vkCQg==",
      "dependencies": {
        "argparse": "^2.0.1",
        "entities": "~2.1.0",
        "linkify-it": "^3.0.1",
        "mdurl": "^1.0.1",
        "uc.micro": "^1.0.5"
      },
      "bin": {
        "markdown-it": "bin/markdown-it.js"
      }
    },
    "node_modules/markdown-it-emoji": {
      "version": "2.0.0",
      "resolved": "https://registry.npmjs.org/markdown-it-emoji/-/markdown-it-emoji-2.0.0.tgz",
      "integrity": "sha512-39j7/9vP/CPCKbEI44oV8yoPJTpvfeReTn/COgRhSpNrjWF3PfP/JUxxB0hxV6ynOY8KH8Y8aX9NMDdo6z+6YQ=="
    },
    "node_modules/markdown-it-front-matter": {
      "version": "0.2.3",
      "resolved": "https://registry.npmjs.org/markdown-it-front-matter/-/markdown-it-front-matter-0.2.3.tgz",
      "integrity": "sha512-s9+rcClLmZsZc3YL8Awjg/YO/VdphlE20LJ9Bx5a8RAFLI5a1vq6Mll8kOzG6w/wy8yhFLBupaa6Mfd60GATkA=="
    },
    "node_modules/markdown-it/node_modules/argparse": {
      "version": "2.0.1",
      "resolved": "https://registry.npmjs.org/argparse/-/argparse-2.0.1.tgz",
      "integrity": "sha512-8+9WqebbFzpX9OR+Wa6O29asIogeRMzcGtAINdpMHHyAg10f05aSFVBbcEqGf/PXw1EjAZ+q2/bEBg3DvurK3Q=="
    },
    "node_modules/mdurl": {
      "version": "1.0.1",
      "resolved": "https://registry.npmjs.org/mdurl/-/mdurl-1.0.1.tgz",
      "integrity": "sha1-/oWy7HWlkDfyrf7BAP1sYBdhFS4="
    },
    "node_modules/mime": {
      "version": "2.5.2",
      "resolved": "https://registry.npmjs.org/mime/-/mime-2.5.2.tgz",
      "integrity": "sha512-tqkh47FzKeCPD2PUiPB6pkbMzsCasjxAfC62/Wap5qrUWcb+sFasXUC5I3gYM5iBM8v/Qpn4UK0x+j0iHyFPDg==",
      "bin": {
        "mime": "cli.js"
      },
      "engines": {
        "node": ">=4.0.0"
      }
    },
    "node_modules/nomnoml": {
      "version": "1.4.0",
      "resolved": "https://registry.npmjs.org/nomnoml/-/nomnoml-1.4.0.tgz",
      "integrity": "sha512-sOZIJRYq2uhwgVTfTs5UG2kbrZSjFsCR5eF1RGz6bc1V1+0VnQkekOXolaFvK6IaZcb85rke+NLqtZfW0sNgvw==",
      "dependencies": {
        "graphre": "^0.1.3"
      },
      "bin": {
        "nomnoml": "dist/nomnoml-cli.js"
      }
    },
    "node_modules/pupa": {
      "version": "2.1.1",
      "resolved": "https://registry.npmjs.org/pupa/-/pupa-2.1.1.tgz",
      "integrity": "sha512-l1jNAspIBSFqbT+y+5FosojNpVpF94nlI+wDUpqP9enwOTfHx9f0gh5nB96vl+6yTpsJsypeNrwfzPrKuHB41A==",
      "dependencies": {
        "escape-goat": "^2.0.0"
      },
      "engines": {
        "node": ">=8"
      }
    },
    "node_modules/source-map": {
      "version": "0.6.1",
      "resolved": "https://registry.npmjs.org/source-map/-/source-map-0.6.1.tgz",
      "integrity": "sha512-UjgapumWlbMhkBgzT7Ykc5YXUT46F0iKu8SGXq0bcwP5dz/h0Plj6enJqjz1Zbq2l5WaqYnrVbwWOWMyF3F47g==",
      "engines": {
        "node": ">=0.10.0"
      }
    },
    "node_modules/source-map-support": {
      "version": "0.5.19",
      "resolved": "https://registry.npmjs.org/source-map-support/-/source-map-support-0.5.19.tgz",
      "integrity": "sha512-Wonm7zOCIJzBGQdB+thsPar0kYuCIzYvxZwlBa87yi/Mdjv7Tip2cyVbLj5o0cFPN4EVkuTwb3GDDyUx2DGnGw==",
      "dependencies": {
        "buffer-from": "^1.0.0",
        "source-map": "^0.6.0"
      }
    },
    "node_modules/ts-node": {
      "version": "10.2.1",
      "resolved": "https://registry.npmjs.org/ts-node/-/ts-node-10.2.1.tgz",
      "integrity": "sha512-hCnyOyuGmD5wHleOQX6NIjJtYVIO8bPP8F2acWkB4W06wdlkgyvJtubO/I9NkI88hCFECbsEgoLc0VNkYmcSfw==",
      "dev": true,
      "dependencies": {
        "@cspotcode/source-map-support": "0.6.1",
        "@tsconfig/node10": "^1.0.7",
        "@tsconfig/node12": "^1.0.7",
        "@tsconfig/node14": "^1.0.0",
        "@tsconfig/node16": "^1.0.2",
        "acorn": "^8.4.1",
        "acorn-walk": "^8.1.1",
        "arg": "^4.1.0",
        "create-require": "^1.1.0",
        "diff": "^4.0.1",
        "make-error": "^1.1.1",
        "yn": "3.1.1"
      },
      "bin": {
        "ts-node": "dist/bin.js",
        "ts-node-cwd": "dist/bin-cwd.js",
        "ts-node-script": "dist/bin-script.js",
        "ts-node-transpile-only": "dist/bin-transpile.js",
        "ts-script": "dist/bin-script-deprecated.js"
      },
      "engines": {
        "node": ">=12.0.0"
      },
      "peerDependencies": {
        "@swc/core": ">=1.2.50",
        "@swc/wasm": ">=1.2.50",
        "@types/node": "*",
        "typescript": ">=2.7"
      },
      "peerDependenciesMeta": {
        "@swc/core": {
          "optional": true
        },
        "@swc/wasm": {
          "optional": true
        }
      }
    },
    "node_modules/ts-node/node_modules/arg": {
      "version": "4.1.3",
      "resolved": "https://registry.npmjs.org/arg/-/arg-4.1.3.tgz",
      "integrity": "sha512-58S9QDqG0Xx27YwPSt9fJxivjYl432YCwfDMfZ+71RAqUrZef7LrKQZ3LHLOwCS4FLNBplP533Zx895SeOCHvA==",
      "dev": true
    },
    "node_modules/typescript": {
      "version": "4.3.5",
      "resolved": "https://registry.npmjs.org/typescript/-/typescript-4.3.5.tgz",
      "integrity": "sha512-DqQgihaQ9cUrskJo9kIyW/+g0Vxsk8cDtZ52a3NGh0YNTfpUSArXSohyUGnvbPazEPLu398C0UxmKSOrPumUzA==",
      "dev": true,
      "bin": {
        "tsc": "bin/tsc",
        "tsserver": "bin/tsserver"
      },
      "engines": {
        "node": ">=4.2.0"
      }
    },
    "node_modules/uc.micro": {
      "version": "1.0.6",
      "resolved": "https://registry.npmjs.org/uc.micro/-/uc.micro-1.0.6.tgz",
      "integrity": "sha512-8Y75pvTYkLJW2hWQHXxoqRgV7qb9B+9vFEtidML+7koHUFapnVJAZ6cKs+Qjz5Aw3aZWHMC6u0wJE3At+nSGwA=="
    },
    "node_modules/yn": {
      "version": "3.1.1",
      "resolved": "https://registry.npmjs.org/yn/-/yn-3.1.1.tgz",
      "integrity": "sha512-Ux4ygGWsu2c7isFWe8Yu1YluJmqVhxqK2cLXNQA5AcC3QfbGNpM7fu0Y8b/z16pXLnFxZYvWhd3fhBY9DLmC6Q==",
      "dev": true,
      "engines": {
        "node": ">=6"
      }
    }
  },
  "dependencies": {
    "@cspotcode/source-map-consumer": {
      "version": "0.8.0",
      "resolved": "https://registry.npmjs.org/@cspotcode/source-map-consumer/-/source-map-consumer-0.8.0.tgz",
      "integrity": "sha512-41qniHzTU8yAGbCp04ohlmSrZf8bkf/iJsl3V0dRGsQN/5GFfx+LbCSsCpp2gqrqjTVg/K6O8ycoV35JIwAzAg==",
      "dev": true
    },
    "@cspotcode/source-map-support": {
      "version": "0.6.1",
      "resolved": "https://registry.npmjs.org/@cspotcode/source-map-support/-/source-map-support-0.6.1.tgz",
      "integrity": "sha512-DX3Z+T5dt1ockmPdobJS/FAsQPW4V4SrWEhD2iYQT2Cb2tQsiMnYxrcUH9By/Z3B+v0S5LMBkQtV/XOBbpLEOg==",
      "dev": true,
      "requires": {
        "@cspotcode/source-map-consumer": "0.8.0"
      }
    },
    "@kaishuu0123/markdown-it-fence": {
      "version": "1.0.1",
      "resolved": "https://registry.npmjs.org/@kaishuu0123/markdown-it-fence/-/markdown-it-fence-1.0.1.tgz",
      "integrity": "sha512-gQZ0a3JcrCi1g+00D9CIbo2uPc6lnykqAsVaCbew8jsrdyF0f0cBngYgFKcTxW2vliT5I3K4lwD4DhM6hXeOjg=="
    },
    "@tsconfig/node10": {
      "version": "1.0.8",
      "resolved": "https://registry.npmjs.org/@tsconfig/node10/-/node10-1.0.8.tgz",
      "integrity": "sha512-6XFfSQmMgq0CFLY1MslA/CPUfhIL919M1rMsa5lP2P097N2Wd1sSX0tx1u4olM16fLNhtHZpRhedZJphNJqmZg==",
      "dev": true
    },
    "@tsconfig/node12": {
      "version": "1.0.9",
      "resolved": "https://registry.npmjs.org/@tsconfig/node12/-/node12-1.0.9.tgz",
      "integrity": "sha512-/yBMcem+fbvhSREH+s14YJi18sp7J9jpuhYByADT2rypfajMZZN4WQ6zBGgBKp53NKmqI36wFYDb3yaMPurITw==",
      "dev": true
    },
    "@tsconfig/node14": {
      "version": "1.0.1",
      "resolved": "https://registry.npmjs.org/@tsconfig/node14/-/node14-1.0.1.tgz",
      "integrity": "sha512-509r2+yARFfHHE7T6Puu2jjkoycftovhXRqW328PDXTVGKihlb1P8Z9mMZH04ebyajfRY7dedfGynlrFHJUQCg==",
      "dev": true
    },
    "@tsconfig/node16": {
      "version": "1.0.2",
      "resolved": "https://registry.npmjs.org/@tsconfig/node16/-/node16-1.0.2.tgz",
      "integrity": "sha512-eZxlbI8GZscaGS7kkc/trHTT5xgrjH3/1n2JDwusC9iahPKWMRvRjJSAN5mCXviuTGQ/lHnhvv8Q1YTpnfz9gA==",
      "dev": true
    },
    "@types/linkify-it": {
      "version": "3.0.2",
      "resolved": "https://registry.npmjs.org/@types/linkify-it/-/linkify-it-3.0.2.tgz",
      "integrity": "sha512-HZQYqbiFVWufzCwexrvh694SOim8z2d+xJl5UNamcvQFejLY/2YUtzXHYi3cHdI7PMlS8ejH2slRAOJQ32aNbA==",
      "dev": true
    },
    "@types/markdown-it": {
      "version": "12.2.0",
      "resolved": "https://registry.npmjs.org/@types/markdown-it/-/markdown-it-12.2.0.tgz",
      "integrity": "sha512-YEpywby5S2wt64C2E3bcpLvtIV8BuCj+4AGtL7tU51V8Vr1qwm+cX9gFfWRyclgLC0UK/7w2heYmhymDi+snzw==",
      "dev": true,
      "requires": {
        "@types/linkify-it": "*",
        "@types/mdurl": "*",
        "highlight.js": "^10.7.2"
      },
      "dependencies": {
        "highlight.js": {
          "version": "10.7.3",
          "resolved": "https://registry.npmjs.org/highlight.js/-/highlight.js-10.7.3.tgz",
          "integrity": "sha512-tzcUFauisWKNHaRkN4Wjl/ZA07gENAjFl3J/c480dprkGTg5EQstgaNFqBfUqCq54kZRIEcreTsAgF/m2quD7A==",
          "dev": true
        }
      }
    },
    "@types/markdown-it-emoji": {
      "version": "2.0.2",
      "resolved": "https://registry.npmjs.org/@types/markdown-it-emoji/-/markdown-it-emoji-2.0.2.tgz",
      "integrity": "sha512-2ln8Wjbcj/0oRi/6VnuMeWEHHuK8uapFttvcLmDIe1GKCsFBLOLBX+D+xhDa9oWOQV0IpvxwrSfKKssAqqroog==",
      "dev": true,
      "requires": {
        "@types/markdown-it": "*"
      }
    },
    "@types/mdurl": {
      "version": "1.0.2",
      "resolved": "https://registry.npmjs.org/@types/mdurl/-/mdurl-1.0.2.tgz",
      "integrity": "sha512-eC4U9MlIcu2q0KQmXszyn5Akca/0jrQmwDRgpAMJai7qBWq4amIQhZyNau4VYGtCeALvW1/NtjzJJ567aZxfKA==",
      "dev": true
    },
    "@types/mime": {
      "version": "2.0.3",
      "resolved": "https://registry.npmjs.org/@types/mime/-/mime-2.0.3.tgz",
      "integrity": "sha512-Jus9s4CDbqwocc5pOAnh8ShfrnMcPHuJYzVcSUU7lrh8Ni5HuIqX3oilL86p3dlTrk0LzHRCgA/GQ7uNCw6l2Q==",
      "dev": true
    },
    "@types/node": {
      "version": "16.6.1",
      "resolved": "https://registry.npmjs.org/@types/node/-/node-16.6.1.tgz",
      "integrity": "sha512-Sr7BhXEAer9xyGuCN3Ek9eg9xPviCF2gfu9kTfuU2HkTVAMYSDeX40fvpmo72n5nansg3nsBjuQBrsS28r+NUw==",
      "dev": true
    },
    "acorn": {
      "version": "8.4.1",
      "resolved": "https://registry.npmjs.org/acorn/-/acorn-8.4.1.tgz",
      "integrity": "sha512-asabaBSkEKosYKMITunzX177CXxQ4Q8BSSzMTKD+FefUhipQC70gfW5SiUDhYQ3vk8G+81HqQk7Fv9OXwwn9KA==",
      "dev": true
    },
    "acorn-walk": {
      "version": "8.1.1",
      "resolved": "https://registry.npmjs.org/acorn-walk/-/acorn-walk-8.1.1.tgz",
      "integrity": "sha512-FbJdceMlPHEAWJOILDk1fXD8lnTlEIWFkqtfk+MvmL5q/qlHfN7GEHcsFZWt/Tea9jRNPWUZG4G976nqAAmU9w==",
      "dev": true
    },
    "arg": {
      "version": "5.0.1",
      "resolved": "https://registry.npmjs.org/arg/-/arg-5.0.1.tgz",
      "integrity": "sha512-e0hDa9H2Z9AwFkk2qDlwhoMYE4eToKarchkQHovNdLTCYMHZHeRjI71crOh+dio4K6u1IcwubQqo79Ga4CyAQA=="
    },
    "buffer-from": {
      "version": "1.1.2",
      "resolved": "https://registry.npmjs.org/buffer-from/-/buffer-from-1.1.2.tgz",
      "integrity": "sha512-E+XQCRwSbaaiChtv6k6Dwgc+bx+Bs6vuKJHHl5kox/BaKbhiXzqQOwK4cO22yElGp2OCmjwVhT3HmxgyPGnJfQ=="
    },
    "create-require": {
      "version": "1.1.1",
      "resolved": "https://registry.npmjs.org/create-require/-/create-require-1.1.1.tgz",
      "integrity": "sha512-dcKFX3jn0MpIaXjisoRvexIJVEKzaq7z2rZKxf+MSr9TkdmHmsU4m2lcLojrj/FHl8mk5VxMmYA+ftRkP/3oKQ==",
      "dev": true
    },
    "diff": {
      "version": "4.0.2",
      "resolved": "https://registry.npmjs.org/diff/-/diff-4.0.2.tgz",
      "integrity": "sha512-58lmxKSA4BNyLz+HHMUzlOEpg09FV+ev6ZMe3vJihgdxzgcwZ8VoEEPmALCZG9LmqfVoNMMKpttIYTVG6uDY7A==",
      "dev": true
    },
    "entities": {
      "version": "2.1.0",
      "resolved": "https://registry.npmjs.org/entities/-/entities-2.1.0.tgz",
      "integrity": "sha512-hCx1oky9PFrJ611mf0ifBLBRW8lUUVRlFolb5gWRfIELabBlbp9xZvrqZLZAs+NxFnbfQoeGd8wDkygjg7U85w=="
    },
    "escape-goat": {
      "version": "2.1.1",
      "resolved": "https://registry.npmjs.org/escape-goat/-/escape-goat-2.1.1.tgz",
      "integrity": "sha512-8/uIhbG12Csjy2JEW7D9pHbreaVaS/OpN3ycnyvElTdwM5n6GY6W6e2IPemfvGZeUMqZ9A/3GqIZMgKnBhAw/Q=="
    },
    "graphre": {
      "version": "0.1.3",
      "resolved": "https://registry.npmjs.org/graphre/-/graphre-0.1.3.tgz",
      "integrity": "sha512-F4OO/+BQj3R2UB3PQOGLgdAUy+SQuwy2A5cVGELAQDJlloSyyHqRe60ESFouRf8W0K+sm6gtWKotOwZoX3BL8w=="
    },
    "highlight.js": {
      "version": "11.2.0",
      "resolved": "https://registry.npmjs.org/highlight.js/-/highlight.js-11.2.0.tgz",
      "integrity": "sha512-JOySjtOEcyG8s4MLR2MNbLUyaXqUunmSnL2kdV/KuGJOmHZuAR5xC54Ko7goAXBWNhf09Vy3B+U7vR62UZ/0iw=="
    },
    "linkify-it": {
      "version": "3.0.2",
      "resolved": "https://registry.npmjs.org/linkify-it/-/linkify-it-3.0.2.tgz",
      "integrity": "sha512-gDBO4aHNZS6coiZCKVhSNh43F9ioIL4JwRjLZPkoLIY4yZFwg264Y5lu2x6rb1Js42Gh6Yqm2f6L2AJcnkzinQ==",
      "requires": {
        "uc.micro": "^1.0.1"
      }
    },
    "make-error": {
      "version": "1.3.6",
      "resolved": "https://registry.npmjs.org/make-error/-/make-error-1.3.6.tgz",
      "integrity": "sha512-s8UhlNe7vPKomQhC1qFelMokr/Sc3AgNbso3n74mVPA5LTZwkB9NlXf4XPamLxJE8h0gh73rM94xvwRT2CVInw==",
      "dev": true
    },
    "markdown-it": {
      "version": "12.2.0",
      "resolved": "https://registry.npmjs.org/markdown-it/-/markdown-it-12.2.0.tgz",
      "integrity": "sha512-Wjws+uCrVQRqOoJvze4HCqkKl1AsSh95iFAeQDwnyfxM09divCBSXlDR1uTvyUP3Grzpn4Ru8GeCxYPM8vkCQg==",
      "requires": {
        "argparse": "^2.0.1",
        "entities": "~2.1.0",
        "linkify-it": "^3.0.1",
        "mdurl": "^1.0.1",
        "uc.micro": "^1.0.5"
      },
      "dependencies": {
        "argparse": {
          "version": "2.0.1",
          "resolved": "https://registry.npmjs.org/argparse/-/argparse-2.0.1.tgz",
          "integrity": "sha512-8+9WqebbFzpX9OR+Wa6O29asIogeRMzcGtAINdpMHHyAg10f05aSFVBbcEqGf/PXw1EjAZ+q2/bEBg3DvurK3Q=="
        }
      }
    },
    "markdown-it-emoji": {
      "version": "2.0.0",
      "resolved": "https://registry.npmjs.org/markdown-it-emoji/-/markdown-it-emoji-2.0.0.tgz",
      "integrity": "sha512-39j7/9vP/CPCKbEI44oV8yoPJTpvfeReTn/COgRhSpNrjWF3PfP/JUxxB0hxV6ynOY8KH8Y8aX9NMDdo6z+6YQ=="
    },
    "markdown-it-front-matter": {
      "version": "0.2.3",
      "resolved": "https://registry.npmjs.org/markdown-it-front-matter/-/markdown-it-front-matter-0.2.3.tgz",
      "integrity": "sha512-s9+rcClLmZsZc3YL8Awjg/YO/VdphlE20LJ9Bx5a8RAFLI5a1vq6Mll8kOzG6w/wy8yhFLBupaa6Mfd60GATkA=="
    },
    "mdurl": {
      "version": "1.0.1",
      "resolved": "https://registry.npmjs.org/mdurl/-/mdurl-1.0.1.tgz",
      "integrity": "sha1-/oWy7HWlkDfyrf7BAP1sYBdhFS4="
    },
    "mime": {
      "version": "2.5.2",
      "resolved": "https://registry.npmjs.org/mime/-/mime-2.5.2.tgz",
      "integrity": "sha512-tqkh47FzKeCPD2PUiPB6pkbMzsCasjxAfC62/Wap5qrUWcb+sFasXUC5I3gYM5iBM8v/Qpn4UK0x+j0iHyFPDg=="
    },
    "nomnoml": {
      "version": "1.4.0",
      "resolved": "https://registry.npmjs.org/nomnoml/-/nomnoml-1.4.0.tgz",
      "integrity": "sha512-sOZIJRYq2uhwgVTfTs5UG2kbrZSjFsCR5eF1RGz6bc1V1+0VnQkekOXolaFvK6IaZcb85rke+NLqtZfW0sNgvw==",
      "requires": {
        "graphre": "^0.1.3"
      }
    },
    "pupa": {
      "version": "2.1.1",
      "resolved": "https://registry.npmjs.org/pupa/-/pupa-2.1.1.tgz",
      "integrity": "sha512-l1jNAspIBSFqbT+y+5FosojNpVpF94nlI+wDUpqP9enwOTfHx9f0gh5nB96vl+6yTpsJsypeNrwfzPrKuHB41A==",
      "requires": {
        "escape-goat": "^2.0.0"
      }
    },
    "source-map": {
      "version": "0.6.1",
      "resolved": "https://registry.npmjs.org/source-map/-/source-map-0.6.1.tgz",
      "integrity": "sha512-UjgapumWlbMhkBgzT7Ykc5YXUT46F0iKu8SGXq0bcwP5dz/h0Plj6enJqjz1Zbq2l5WaqYnrVbwWOWMyF3F47g=="
    },
    "source-map-support": {
      "version": "0.5.19",
      "resolved": "https://registry.npmjs.org/source-map-support/-/source-map-support-0.5.19.tgz",
      "integrity": "sha512-Wonm7zOCIJzBGQdB+thsPar0kYuCIzYvxZwlBa87yi/Mdjv7Tip2cyVbLj5o0cFPN4EVkuTwb3GDDyUx2DGnGw==",
      "requires": {
        "buffer-from": "^1.0.0",
        "source-map": "^0.6.0"
      }
    },
    "ts-node": {
      "version": "10.2.1",
      "resolved": "https://registry.npmjs.org/ts-node/-/ts-node-10.2.1.tgz",
      "integrity": "sha512-hCnyOyuGmD5wHleOQX6NIjJtYVIO8bPP8F2acWkB4W06wdlkgyvJtubO/I9NkI88hCFECbsEgoLc0VNkYmcSfw==",
      "dev": true,
      "requires": {
        "@cspotcode/source-map-support": "0.6.1",
        "@tsconfig/node10": "^1.0.7",
        "@tsconfig/node12": "^1.0.7",
        "@tsconfig/node14": "^1.0.0",
        "@tsconfig/node16": "^1.0.2",
        "acorn": "^8.4.1",
        "acorn-walk": "^8.1.1",
        "arg": "^4.1.0",
        "create-require": "^1.1.0",
        "diff": "^4.0.1",
        "make-error": "^1.1.1",
        "yn": "3.1.1"
      },
      "dependencies": {
        "arg": {
          "version": "4.1.3",
          "resolved": "https://registry.npmjs.org/arg/-/arg-4.1.3.tgz",
          "integrity": "sha512-58S9QDqG0Xx27YwPSt9fJxivjYl432YCwfDMfZ+71RAqUrZef7LrKQZ3LHLOwCS4FLNBplP533Zx895SeOCHvA==",
          "dev": true
        }
      }
    },
    "typescript": {
      "version": "4.3.5",
      "resolved": "https://registry.npmjs.org/typescript/-/typescript-4.3.5.tgz",
      "integrity": "sha512-DqQgihaQ9cUrskJo9kIyW/+g0Vxsk8cDtZ52a3NGh0YNTfpUSArXSohyUGnvbPazEPLu398C0UxmKSOrPumUzA==",
      "dev": true
    },
    "uc.micro": {
      "version": "1.0.6",
      "resolved": "https://registry.npmjs.org/uc.micro/-/uc.micro-1.0.6.tgz",
      "integrity": "sha512-8Y75pvTYkLJW2hWQHXxoqRgV7qb9B+9vFEtidML+7koHUFapnVJAZ6cKs+Qjz5Aw3aZWHMC6u0wJE3At+nSGwA=="
    },
    "yn": {
      "version": "3.1.1",
      "resolved": "https://registry.npmjs.org/yn/-/yn-3.1.1.tgz",
      "integrity": "sha512-Ux4ygGWsu2c7isFWe8Yu1YluJmqVhxqK2cLXNQA5AcC3QfbGNpM7fu0Y8b/z16pXLnFxZYvWhd3fhBY9DLmC6Q==",
      "dev": true
    }
  }
}
